
Microsoft Visual Studio Solution File, Format Version 12.00
# Visual Studio Version 17
VisualStudioVersion = 17.12.35728.132 d17.12
MinimumVisualStudioVersion = 10.0.40219.1
Project("{FAE04EC0-301F-11D3-BF4B-00C04F79EFBC}") = "MiAppMubBlzr", "MiAppMubBlzr\MiAppMubBlzr\MiAppMubBlzr.csproj", "{50140B40-7D76-4EA9-B4BE-A654609D0499}"
EndProject
Project("{FAE04EC0-301F-11D3-BF4B-00C04F79EFBC}") = "MiAppMubBlzr.Client", "MiAppMubBlzr\MiAppMubBlzr.Client\MiAppMubBlzr.Client.csproj", "{43781C7C-C452-4E05-AD4E-CB9B4BE607A9}"
EndProject
Global
	GlobalSection(SolutionConfigurationPlatforms) = preSolution
		Debug|Any CPU = Debug|Any CPU
		Release|Any CPU = Release|Any CPU
	EndGlobalSection
	GlobalSection(ProjectConfigurationPlatforms) = postSolution
		{50140B40-7D76-4EA9-B4BE-A654609D0499}.Debug|Any CPU.ActiveCfg = Debug|Any CPU
		{50140B40-7D76-4EA9-B4BE-A654609D0499}.Debug|Any CPU.Build.0 = Debug|Any CPU
		{50140B40-7D76-4EA9-B4BE-A654609D0499}.Release|Any CPU.ActiveCfg = Release|Any CPU
		{50140B40-7D76-4EA9-B4BE-A654609D0499}.Release|Any CPU.Build.0 = Release|Any CPU
		{43781C7C-C452-4E05-AD4E-CB9B4BE607A9}.Debug|Any CPU.ActiveCfg = Debug|Any CPU
		{43781C7C-C452-4E05-AD4E-CB9B4BE607A9}.Debug|Any CPU.Build.0 = Debug|Any CPU
		{43781C7C-C452-4E05-AD4E-CB9B4BE607A9}.Release|Any CPU.ActiveCfg = Release|Any CPU
		{43781C7C-C452-4E05-AD4E-CB9B4BE607A9}.Release|Any CPU.Build.0 = Release|Any CPU
	EndGlobalSection
	GlobalSection(SolutionProperties) = preSolution
		HideSolutionNode = FALSE
	EndGlobalSection
EndGlobal
